
Microsoft Visual Studio Solution File, Format Version 12.00
Project("{2150E333-8FDC-42A3-9474-1A3956D46DE8}") = "src", "src", "{FA8C3749-7C7D-415A-90BB-78D46E8C287E}"
EndProject
Project("{2150E333-8FDC-42A3-9474-1A3956D46DE8}") = "User", "User", "{BF2933A9-FBE7-4FDA-81E0-561C8A71CACD}"
EndProject
Project("{2150E333-8FDC-42A3-9474-1A3956D46DE8}") = "Common", "Common", "{A0ACC213-3562-4912-B57A-8C18FB6827D4}"
EndProject
Project("{FAE04EC0-301F-11D3-BF4B-00C04F79EFBC}") = "SiGameReborn.User.Core", "src\SiGameReborn.User.Core\SiGameReborn.User.Core.csproj", "{1B35A290-945A-41E5-BF20-DED1DB85A840}"
EndProject
Project("{FAE04EC0-301F-11D3-BF4B-00C04F79EFBC}") = "SiGameReborn.Common.Domain", "src\SiGameReborn.Common.Domain\SiGameReborn.Common.Domain.csproj", "{7768C590-BFE8-42D3-8570-EE15E29B9FCD}"
EndProject
Project("{FAE04EC0-301F-11D3-BF4B-00C04F79EFBC}") = "SiGameReborn.Common.EntityFramework", "src\SiGameReborn.Common.EntityFramework\SiGameReborn.Common.EntityFramework.csproj", "{FAC596DE-FBE2-42BA-89A1-F8317950FD75}"
EndProject
Project("{FAE04EC0-301F-11D3-BF4B-00C04F79EFBC}") = "SiGameReborn.User.Api", "src\SiGameReborn.User.Api\SiGameReborn.User.Api.csproj", "{0323DD89-E8A3-400A-B391-87622C142603}"
EndProject
Project("{FAE04EC0-301F-11D3-BF4B-00C04F79EFBC}") = "SiGameReborn.User.Application", "src\SiGameReborn.User.Application\SiGameReborn.User.Application.csproj", "{9DC97974-5742-4AD0-AAAE-2AB0BF8BEA0F}"
EndProject
Project("{2150E333-8FDC-42A3-9474-1A3956D46DE8}") = "tests", "tests", "{CE402F14-34B2-47FF-9B5A-BD8A20E12DB4}"
EndProject
Project("{FAE04EC0-301F-11D3-BF4B-00C04F79EFBC}") = "SiGameReborn.User.Tests", "tests\SiGameReborn.User.Tests\SiGameReborn.User.Tests.csproj", "{16ABDBB0-3D42-4DA4-B4B9-1DD1A7AD2561}"
EndProject
Project("{FAE04EC0-301F-11D3-BF4B-00C04F79EFBC}") = "SiGameReborn.Common.Web", "src\SiGameReborn.Common.Web\SiGameReborn.Common.Web.csproj", "{61DCDC17-7B1E-4FDF-AF5F-0062B2F43691}"
EndProject
Project("{2150E333-8FDC-42A3-9474-1A3956D46DE8}") = "Tokens", "Tokens", "{AAC7DB41-A82F-4A5B-AD94-14CACD4EE23B}"
EndProject
Project("{FAE04EC0-301F-11D3-BF4B-00C04F79EFBC}") = "SiGameReborn.Tokens.Core", "src\SiGameReborn.Tokens.Core\SiGameReborn.Tokens.Core.csproj", "{A6F28BB2-84AA-4981-8846-345B4AF85949}"
EndProject
Project("{FAE04EC0-301F-11D3-BF4B-00C04F79EFBC}") = "SiGameReborn.Tokens.Application", "src\SiGameReborn.Tokens.Application\SiGameReborn.Tokens.Application.csproj", "{40CB3258-DB74-49AF-867D-4190F0E5B443}"
EndProject
Project("{FAE04EC0-301F-11D3-BF4B-00C04F79EFBC}") = "SiGameReborn.Tokens.Tests", "tests\SiGameReborn.Tokens.Tests\SiGameReborn.Tokens.Tests.csproj", "{C8578C88-6012-4C5C-9A4F-C29DD70629A4}"
EndProject
Project("{FAE04EC0-301F-11D3-BF4B-00C04F79EFBC}") = "SiGameReborn.Tokens.Api", "src\SiGameReborn.Tokens.Api\SiGameReborn.Tokens.Api.csproj", "{E41D8A46-6188-4FB1-8310-9E44081B93A4}"
EndProject
Project("{2150E333-8FDC-42A3-9474-1A3956D46DE8}") = "Registration", "Registration", "{09864616-AEF6-4610-B329-541ECCAF9BD4}"
EndProject
Project("{FAE04EC0-301F-11D3-BF4B-00C04F79EFBC}") = "SiGameReborn.Registration.Core", "src\SiGameReborn.Registration.Core\SiGameReborn.Registration.Core.csproj", "{78348051-7251-443B-9FF1-73EB3AB80E42}"
EndProject
Project("{FAE04EC0-301F-11D3-BF4B-00C04F79EFBC}") = "SiGameReborn.Registration.Application", "src\SiGameReborn.Registration.Application\SiGameReborn.Registration.Application.csproj", "{953643A6-E51C-4498-ACC2-D883D675F844}"
EndProject
Project("{FAE04EC0-301F-11D3-BF4B-00C04F79EFBC}") = "SiGameReborn.Common.Constants", "src\SiGameReborn.Common.Constants\SiGameReborn.Common.Constants.csproj", "{BA898DDC-173B-49B9-9E4C-B2DA2B5F4075}"
EndProject
Project("{FAE04EC0-301F-11D3-BF4B-00C04F79EFBC}") = "SiGameReborn.Common.Utils", "src\SiGameReborn.Common.Utils\SiGameReborn.Common.Utils.csproj", "{6F51C808-86DA-446A-8F40-FF508C18C46B}"
EndProject
Project("{FAE04EC0-301F-11D3-BF4B-00C04F79EFBC}") = "SiGameReborn.Registration.Api", "src\SiGameReborn.Registration.Api\SiGameReborn.Registration.Api.csproj", "{7A0AF674-3573-4B0E-8607-30503C3AF69F}"
EndProject
Global
	GlobalSection(SolutionConfigurationPlatforms) = preSolution
		Debug|Any CPU = Debug|Any CPU
		Release|Any CPU = Release|Any CPU
	EndGlobalSection
	GlobalSection(NestedProjects) = preSolution
		{BF2933A9-FBE7-4FDA-81E0-561C8A71CACD} = {FA8C3749-7C7D-415A-90BB-78D46E8C287E}
		{A0ACC213-3562-4912-B57A-8C18FB6827D4} = {FA8C3749-7C7D-415A-90BB-78D46E8C287E}
		{1B35A290-945A-41E5-BF20-DED1DB85A840} = {BF2933A9-FBE7-4FDA-81E0-561C8A71CACD}
		{7768C590-BFE8-42D3-8570-EE15E29B9FCD} = {A0ACC213-3562-4912-B57A-8C18FB6827D4}
		{FAC596DE-FBE2-42BA-89A1-F8317950FD75} = {A0ACC213-3562-4912-B57A-8C18FB6827D4}
		{0323DD89-E8A3-400A-B391-87622C142603} = {BF2933A9-FBE7-4FDA-81E0-561C8A71CACD}
		{9DC97974-5742-4AD0-AAAE-2AB0BF8BEA0F} = {BF2933A9-FBE7-4FDA-81E0-561C8A71CACD}
		{16ABDBB0-3D42-4DA4-B4B9-1DD1A7AD2561} = {CE402F14-34B2-47FF-9B5A-BD8A20E12DB4}
		{61DCDC17-7B1E-4FDF-AF5F-0062B2F43691} = {A0ACC213-3562-4912-B57A-8C18FB6827D4}
		{AAC7DB41-A82F-4A5B-AD94-14CACD4EE23B} = {FA8C3749-7C7D-415A-90BB-78D46E8C287E}
		{A6F28BB2-84AA-4981-8846-345B4AF85949} = {AAC7DB41-A82F-4A5B-AD94-14CACD4EE23B}
		{40CB3258-DB74-49AF-867D-4190F0E5B443} = {AAC7DB41-A82F-4A5B-AD94-14CACD4EE23B}
		{C8578C88-6012-4C5C-9A4F-C29DD70629A4} = {CE402F14-34B2-47FF-9B5A-BD8A20E12DB4}
		{E41D8A46-6188-4FB1-8310-9E44081B93A4} = {AAC7DB41-A82F-4A5B-AD94-14CACD4EE23B}
		{09864616-AEF6-4610-B329-541ECCAF9BD4} = {FA8C3749-7C7D-415A-90BB-78D46E8C287E}
		{78348051-7251-443B-9FF1-73EB3AB80E42} = {09864616-AEF6-4610-B329-541ECCAF9BD4}
		{953643A6-E51C-4498-ACC2-D883D675F844} = {09864616-AEF6-4610-B329-541ECCAF9BD4}
		{BA898DDC-173B-49B9-9E4C-B2DA2B5F4075} = {A0ACC213-3562-4912-B57A-8C18FB6827D4}
		{6F51C808-86DA-446A-8F40-FF508C18C46B} = {A0ACC213-3562-4912-B57A-8C18FB6827D4}
		{7A0AF674-3573-4B0E-8607-30503C3AF69F} = {09864616-AEF6-4610-B329-541ECCAF9BD4}
	EndGlobalSection
	GlobalSection(ProjectConfigurationPlatforms) = postSolution
		{1B35A290-945A-41E5-BF20-DED1DB85A840}.Debug|Any CPU.ActiveCfg = Debug|Any CPU
		{1B35A290-945A-41E5-BF20-DED1DB85A840}.Debug|Any CPU.Build.0 = Debug|Any CPU
		{1B35A290-945A-41E5-BF20-DED1DB85A840}.Release|Any CPU.ActiveCfg = Release|Any CPU
		{1B35A290-945A-41E5-BF20-DED1DB85A840}.Release|Any CPU.Build.0 = Release|Any CPU
		{7768C590-BFE8-42D3-8570-EE15E29B9FCD}.Debug|Any CPU.ActiveCfg = Debug|Any CPU
		{7768C590-BFE8-42D3-8570-EE15E29B9FCD}.Debug|Any CPU.Build.0 = Debug|Any CPU
		{7768C590-BFE8-42D3-8570-EE15E29B9FCD}.Release|Any CPU.ActiveCfg = Release|Any CPU
		{7768C590-BFE8-42D3-8570-EE15E29B9FCD}.Release|Any CPU.Build.0 = Release|Any CPU
		{FAC596DE-FBE2-42BA-89A1-F8317950FD75}.Debug|Any CPU.ActiveCfg = Debug|Any CPU
		{FAC596DE-FBE2-42BA-89A1-F8317950FD75}.Debug|Any CPU.Build.0 = Debug|Any CPU
		{FAC596DE-FBE2-42BA-89A1-F8317950FD75}.Release|Any CPU.ActiveCfg = Release|Any CPU
		{FAC596DE-FBE2-42BA-89A1-F8317950FD75}.Release|Any CPU.Build.0 = Release|Any CPU
		{0323DD89-E8A3-400A-B391-87622C142603}.Debug|Any CPU.ActiveCfg = Debug|Any CPU
		{0323DD89-E8A3-400A-B391-87622C142603}.Debug|Any CPU.Build.0 = Debug|Any CPU
		{0323DD89-E8A3-400A-B391-87622C142603}.Release|Any CPU.ActiveCfg = Release|Any CPU
		{0323DD89-E8A3-400A-B391-87622C142603}.Release|Any CPU.Build.0 = Release|Any CPU
		{9DC97974-5742-4AD0-AAAE-2AB0BF8BEA0F}.Debug|Any CPU.ActiveCfg = Debug|Any CPU
		{9DC97974-5742-4AD0-AAAE-2AB0BF8BEA0F}.Debug|Any CPU.Build.0 = Debug|Any CPU
		{9DC97974-5742-4AD0-AAAE-2AB0BF8BEA0F}.Release|Any CPU.ActiveCfg = Release|Any CPU
		{9DC97974-5742-4AD0-AAAE-2AB0BF8BEA0F}.Release|Any CPU.Build.0 = Release|Any CPU
		{16ABDBB0-3D42-4DA4-B4B9-1DD1A7AD2561}.Debug|Any CPU.ActiveCfg = Debug|Any CPU
		{16ABDBB0-3D42-4DA4-B4B9-1DD1A7AD2561}.Debug|Any CPU.Build.0 = Debug|Any CPU
		{16ABDBB0-3D42-4DA4-B4B9-1DD1A7AD2561}.Release|Any CPU.ActiveCfg = Release|Any CPU
		{16ABDBB0-3D42-4DA4-B4B9-1DD1A7AD2561}.Release|Any CPU.Build.0 = Release|Any CPU
		{61DCDC17-7B1E-4FDF-AF5F-0062B2F43691}.Debug|Any CPU.ActiveCfg = Debug|Any CPU
		{61DCDC17-7B1E-4FDF-AF5F-0062B2F43691}.Debug|Any CPU.Build.0 = Debug|Any CPU
		{61DCDC17-7B1E-4FDF-AF5F-0062B2F43691}.Release|Any CPU.ActiveCfg = Release|Any CPU
		{61DCDC17-7B1E-4FDF-AF5F-0062B2F43691}.Release|Any CPU.Build.0 = Release|Any CPU
		{A6F28BB2-84AA-4981-8846-345B4AF85949}.Debug|Any CPU.ActiveCfg = Debug|Any CPU
		{A6F28BB2-84AA-4981-8846-345B4AF85949}.Debug|Any CPU.Build.0 = Debug|Any CPU
		{A6F28BB2-84AA-4981-8846-345B4AF85949}.Release|Any CPU.ActiveCfg = Release|Any CPU
		{A6F28BB2-84AA-4981-8846-345B4AF85949}.Release|Any CPU.Build.0 = Release|Any CPU
		{40CB3258-DB74-49AF-867D-4190F0E5B443}.Debug|Any CPU.ActiveCfg = Debug|Any CPU
		{40CB3258-DB74-49AF-867D-4190F0E5B443}.Debug|Any CPU.Build.0 = Debug|Any CPU
		{40CB3258-DB74-49AF-867D-4190F0E5B443}.Release|Any CPU.ActiveCfg = Release|Any CPU
		{40CB3258-DB74-49AF-867D-4190F0E5B443}.Release|Any CPU.Build.0 = Release|Any CPU
		{C8578C88-6012-4C5C-9A4F-C29DD70629A4}.Debug|Any CPU.ActiveCfg = Debug|Any CPU
		{C8578C88-6012-4C5C-9A4F-C29DD70629A4}.Debug|Any CPU.Build.0 = Debug|Any CPU
		{C8578C88-6012-4C5C-9A4F-C29DD70629A4}.Release|Any CPU.ActiveCfg = Release|Any CPU
		{C8578C88-6012-4C5C-9A4F-C29DD70629A4}.Release|Any CPU.Build.0 = Release|Any CPU
		{E41D8A46-6188-4FB1-8310-9E44081B93A4}.Debug|Any CPU.ActiveCfg = Debug|Any CPU
		{E41D8A46-6188-4FB1-8310-9E44081B93A4}.Debug|Any CPU.Build.0 = Debug|Any CPU
		{E41D8A46-6188-4FB1-8310-9E44081B93A4}.Release|Any CPU.ActiveCfg = Release|Any CPU
		{E41D8A46-6188-4FB1-8310-9E44081B93A4}.Release|Any CPU.Build.0 = Release|Any CPU
		{78348051-7251-443B-9FF1-73EB3AB80E42}.Debug|Any CPU.ActiveCfg = Debug|Any CPU
		{78348051-7251-443B-9FF1-73EB3AB80E42}.Debug|Any CPU.Build.0 = Debug|Any CPU
		{78348051-7251-443B-9FF1-73EB3AB80E42}.Release|Any CPU.ActiveCfg = Release|Any CPU
		{78348051-7251-443B-9FF1-73EB3AB80E42}.Release|Any CPU.Build.0 = Release|Any CPU
		{953643A6-E51C-4498-ACC2-D883D675F844}.Debug|Any CPU.ActiveCfg = Debug|Any CPU
		{953643A6-E51C-4498-ACC2-D883D675F844}.Debug|Any CPU.Build.0 = Debug|Any CPU
		{953643A6-E51C-4498-ACC2-D883D675F844}.Release|Any CPU.ActiveCfg = Release|Any CPU
		{953643A6-E51C-4498-ACC2-D883D675F844}.Release|Any CPU.Build.0 = Release|Any CPU
		{BA898DDC-173B-49B9-9E4C-B2DA2B5F4075}.Debug|Any CPU.ActiveCfg = Debug|Any CPU
		{BA898DDC-173B-49B9-9E4C-B2DA2B5F4075}.Debug|Any CPU.Build.0 = Debug|Any CPU
		{BA898DDC-173B-49B9-9E4C-B2DA2B5F4075}.Release|Any CPU.ActiveCfg = Release|Any CPU
		{BA898DDC-173B-49B9-9E4C-B2DA2B5F4075}.Release|Any CPU.Build.0 = Release|Any CPU
		{6F51C808-86DA-446A-8F40-FF508C18C46B}.Debug|Any CPU.ActiveCfg = Debug|Any CPU
		{6F51C808-86DA-446A-8F40-FF508C18C46B}.Debug|Any CPU.Build.0 = Debug|Any CPU
		{6F51C808-86DA-446A-8F40-FF508C18C46B}.Release|Any CPU.ActiveCfg = Release|Any CPU
		{6F51C808-86DA-446A-8F40-FF508C18C46B}.Release|Any CPU.Build.0 = Release|Any CPU
		{7A0AF674-3573-4B0E-8607-30503C3AF69F}.Debug|Any CPU.ActiveCfg = Debug|Any CPU
		{7A0AF674-3573-4B0E-8607-30503C3AF69F}.Debug|Any CPU.Build.0 = Debug|Any CPU
		{7A0AF674-3573-4B0E-8607-30503C3AF69F}.Release|Any CPU.ActiveCfg = Release|Any CPU
		{7A0AF674-3573-4B0E-8607-30503C3AF69F}.Release|Any CPU.Build.0 = Release|Any CPU
	EndGlobalSection
EndGlobal
